// !$*UTF8*$!
{
	archiveVersion = 1;
	classes = {
	};
	objectVersion = 56;
	objects = {

/* Begin PBXBuildFile section */
		100A55A62B04AB5000FB74CE /* AppDelegate.swift in Sources */ = {isa = PBXBuildFile; fileRef = 100A55A52B04AB5000FB74CE /* AppDelegate.swift */; };
		100A55A82B04AB5000FB74CE /* SceneDelegate.swift in Sources */ = {isa = PBXBuildFile; fileRef = 100A55A72B04AB5000FB74CE /* SceneDelegate.swift */; };
		100A55AA2B04AB5000FB74CE /* HomeScreen.swift in Sources */ = {isa = PBXBuildFile; fileRef = 100A55A92B04AB5000FB74CE /* HomeScreen.swift */; };
		100A55AD2B04AB5000FB74CE /* Main.storyboard in Resources */ = {isa = PBXBuildFile; fileRef = 100A55AB2B04AB5000FB74CE /* Main.storyboard */; };
		100A55AF2B04AB5100FB74CE /* Assets.xcassets in Resources */ = {isa = PBXBuildFile; fileRef = 100A55AE2B04AB5100FB74CE /* Assets.xcassets */; };
		100A55B22B04AB5100FB74CE /* LaunchScreen.storyboard in Resources */ = {isa = PBXBuildFile; fileRef = 100A55B02B04AB5100FB74CE /* LaunchScreen.storyboard */; };
		100A55BD2B04AB5100FB74CE /* CryptoTests.swift in Sources */ = {isa = PBXBuildFile; fileRef = 100A55BC2B04AB5100FB74CE /* CryptoTests.swift */; };
		100A55C72B04AB5100FB74CE /* CryptoUITests.swift in Sources */ = {isa = PBXBuildFile; fileRef = 100A55C62B04AB5100FB74CE /* CryptoUITests.swift */; };
		100A55C92B04AB5100FB74CE /* CryptoUITestsLaunchTests.swift in Sources */ = {isa = PBXBuildFile; fileRef = 100A55C82B04AB5100FB74CE /* CryptoUITestsLaunchTests.swift */; };
		100A55D82B04AB6E00FB74CE /* APIService.swift in Sources */ = {isa = PBXBuildFile; fileRef = 100A55D62B04AB6E00FB74CE /* APIService.swift */; };
		100A55D92B04AB6E00FB74CE /* APIEndpoints.swift in Sources */ = {isa = PBXBuildFile; fileRef = 100A55D72B04AB6E00FB74CE /* APIEndpoints.swift */; };
/* End PBXBuildFile section */

/* Begin PBXContainerItemProxy section */
		100A55B92B04AB5100FB74CE /* PBXContainerItemProxy */ = {
			isa = PBXContainerItemProxy;
			containerPortal = 100A559A2B04AB5000FB74CE /* Project object */;
			proxyType = 1;
			remoteGlobalIDString = 100A55A12B04AB5000FB74CE;
			remoteInfo = Crypto;
		};
		100A55C32B04AB5100FB74CE /* PBXContainerItemProxy */ = {
			isa = PBXContainerItemProxy;
			containerPortal = 100A559A2B04AB5000FB74CE /* Project object */;
			proxyType = 1;
			remoteGlobalIDString = 100A55A12B04AB5000FB74CE;
			remoteInfo = Crypto;
		};
/* End PBXContainerItemProxy section */

/* Begin PBXFileReference section */
		100A55A22B04AB5000FB74CE /* Crypto.app */ = {isa = PBXFileReference; explicitFileType = wrapper.application; includeInIndex = 0; path = Crypto.app; sourceTree = BUILT_PRODUCTS_DIR; };
		100A55A52B04AB5000FB74CE /* AppDelegate.swift */ = {isa = PBXFileReference; lastKnownFileType = sourcecode.swift; path = AppDelegate.swift; sourceTree = "<group>"; };
		100A55A72B04AB5000FB74CE /* SceneDelegate.swift */ = {isa = PBXFileReference; lastKnownFileType = sourcecode.swift; path = SceneDelegate.swift; sourceTree = "<group>"; };
		100A55A92B04AB5000FB74CE /* HomeScreen.swift */ = {isa = PBXFileReference; lastKnownFileType = sourcecode.swift; path = HomeScreen.swift; sourceTree = "<group>"; };
		100A55AC2B04AB5000FB74CE /* Base */ = {isa = PBXFileReference; lastKnownFileType = file.storyboard; name = Base; path = Base.lproj/Main.storyboard; sourceTree = "<group>"; };
		100A55AE2B04AB5100FB74CE /* Assets.xcassets */ = {isa = PBXFileReference; lastKnownFileType = folder.assetcatalog; path = Assets.xcassets; sourceTree = "<group>"; };
		100A55B12B04AB5100FB74CE /* Base */ = {isa = PBXFileReference; lastKnownFileType = file.storyboard; name = Base; path = Base.lproj/LaunchScreen.storyboard; sourceTree = "<group>"; };
		100A55B32B04AB5100FB74CE /* Info.plist */ = {isa = PBXFileReference; lastKnownFileType = text.plist.xml; path = Info.plist; sourceTree = "<group>"; };
		100A55B82B04AB5100FB74CE /* CryptoTests.xctest */ = {isa = PBXFileReference; explicitFileType = wrapper.cfbundle; includeInIndex = 0; path = CryptoTests.xctest; sourceTree = BUILT_PRODUCTS_DIR; };
		100A55BC2B04AB5100FB74CE /* CryptoTests.swift */ = {isa = PBXFileReference; lastKnownFileType = sourcecode.swift; path = CryptoTests.swift; sourceTree = "<group>"; };
		100A55C22B04AB5100FB74CE /* CryptoUITests.xctest */ = {isa = PBXFileReference; explicitFileType = wrapper.cfbundle; includeInIndex = 0; path = CryptoUITests.xctest; sourceTree = BUILT_PRODUCTS_DIR; };
		100A55C62B04AB5100FB74CE /* CryptoUITests.swift */ = {isa = PBXFileReference; lastKnownFileType = sourcecode.swift; path = CryptoUITests.swift; sourceTree = "<group>"; };
		100A55C82B04AB5100FB74CE /* CryptoUITestsLaunchTests.swift */ = {isa = PBXFileReference; lastKnownFileType = sourcecode.swift; path = CryptoUITestsLaunchTests.swift; sourceTree = "<group>"; };
		100A55D62B04AB6E00FB74CE /* APIService.swift */ = {isa = PBXFileReference; fileEncoding = 4; lastKnownFileType = sourcecode.swift; path = APIService.swift; sourceTree = "<group>"; };
		100A55D72B04AB6E00FB74CE /* APIEndpoints.swift */ = {isa = PBXFileReference; fileEncoding = 4; lastKnownFileType = sourcecode.swift; path = APIEndpoints.swift; sourceTree = "<group>"; };
/* End PBXFileReference section */

/* Begin PBXFrameworksBuildPhase section */
		100A559F2B04AB5000FB74CE /* Frameworks */ = {
			isa = PBXFrameworksBuildPhase;
			buildActionMask = 2147483647;
			files = (
			);
			runOnlyForDeploymentPostprocessing = 0;
		};
		100A55B52B04AB5100FB74CE /* Frameworks */ = {
			isa = PBXFrameworksBuildPhase;
			buildActionMask = 2147483647;
			files = (
			);
			runOnlyForDeploymentPostprocessing = 0;
		};
		100A55BF2B04AB5100FB74CE /* Frameworks */ = {
			isa = PBXFrameworksBuildPhase;
			buildActionMask = 2147483647;
			files = (
			);
			runOnlyForDeploymentPostprocessing = 0;
		};
/* End PBXFrameworksBuildPhase section */

/* Begin PBXGroup section */
		100A55992B04AB5000FB74CE = {
			isa = PBXGroup;
			children = (
				100A55A42B04AB5000FB74CE /* Crypto */,
				100A55BB2B04AB5100FB74CE /* CryptoTests */,
				100A55C52B04AB5100FB74CE /* CryptoUITests */,
				100A55A32B04AB5000FB74CE /* Products */,
			);
			sourceTree = "<group>";
		};
		100A55A32B04AB5000FB74CE /* Products */ = {
			isa = PBXGroup;
			children = (
				100A55A22B04AB5000FB74CE /* Crypto.app */,
				100A55B82B04AB5100FB74CE /* CryptoTests.xctest */,
				100A55C22B04AB5100FB74CE /* CryptoUITests.xctest */,
			);
			name = Products;
			sourceTree = "<group>";
		};
		100A55A42B04AB5000FB74CE /* Crypto */ = {
			isa = PBXGroup;
			children = (
				100A55DA2B04AB7300FB74CE /* Delegates */,
				100A55D52B04AB6E00FB74CE /* API Service */,
				100A55DC2B04AB9000FB74CE /* Storyboards */,
				100A55DB2B04AB8400FB74CE /* ViewControllers */,
				100A55AE2B04AB5100FB74CE /* Assets.xcassets */,
				100A55B32B04AB5100FB74CE /* Info.plist */,
			);
			path = Crypto;
			sourceTree = "<group>";
		};
		100A55BB2B04AB5100FB74CE /* CryptoTests */ = {
			isa = PBXGroup;
			children = (
				100A55BC2B04AB5100FB74CE /* CryptoTests.swift */,
			);
			path = CryptoTests;
			sourceTree = "<group>";
		};
		100A55C52B04AB5100FB74CE /* CryptoUITests */ = {
			isa = PBXGroup;
			children = (
				100A55C62B04AB5100FB74CE /* CryptoUITests.swift */,
				100A55C82B04AB5100FB74CE /* CryptoUITestsLaunchTests.swift */,
			);
			path = CryptoUITests;
			sourceTree = "<group>";
		};
		100A55D52B04AB6E00FB74CE /* API Service */ = {
			isa = PBXGroup;
			children = (
				100A55D62B04AB6E00FB74CE /* APIService.swift */,
				100A55D72B04AB6E00FB74CE /* APIEndpoints.swift */,
			);
			path = "API Service";
			sourceTree = "<group>";
		};
		100A55DA2B04AB7300FB74CE /* Delegates */ = {
			isa = PBXGroup;
			children = (
				100A55A52B04AB5000FB74CE /* AppDelegate.swift */,
				100A55A72B04AB5000FB74CE /* SceneDelegate.swift */,
			);
			path = Delegates;
			sourceTree = "<group>";
		};
		100A55DB2B04AB8400FB74CE /* ViewControllers */ = {
			isa = PBXGroup;
			children = (
				100A55A92B04AB5000FB74CE /* HomeScreen.swift */,
			);
			path = ViewControllers;
			sourceTree = "<group>";
		};
		100A55DC2B04AB9000FB74CE /* Storyboards */ = {
			isa = PBXGroup;
			children = (
				100A55AB2B04AB5000FB74CE /* Main.storyboard */,
				100A55B02B04AB5100FB74CE /* LaunchScreen.storyboard */,
			);
			path = Storyboards;
			sourceTree = "<group>";
		};
/* End PBXGroup section */

/* Begin PBXNativeTarget section */
		100A55A12B04AB5000FB74CE /* Crypto */ = {
			isa = PBXNativeTarget;
			buildConfigurationList = 100A55CC2B04AB5100FB74CE /* Build configuration list for PBXNativeTarget "Crypto" */;
			buildPhases = (
				100A559E2B04AB5000FB74CE /* Sources */,
				100A559F2B04AB5000FB74CE /* Frameworks */,
				100A55A02B04AB5000FB74CE /* Resources */,
			);
			buildRules = (
			);
			dependencies = (
			);
			name = Crypto;
			productName = Crypto;
			productReference = 100A55A22B04AB5000FB74CE /* Crypto.app */;
			productType = "com.apple.product-type.application";
		};
		100A55B72B04AB5100FB74CE /* CryptoTests */ = {
			isa = PBXNativeTarget;
			buildConfigurationList = 100A55CF2B04AB5100FB74CE /* Build configuration list for PBXNativeTarget "CryptoTests" */;
			buildPhases = (
				100A55B42B04AB5100FB74CE /* Sources */,
				100A55B52B04AB5100FB74CE /* Frameworks */,
				100A55B62B04AB5100FB74CE /* Resources */,
			);
			buildRules = (
			);
			dependencies = (
				100A55BA2B04AB5100FB74CE /* PBXTargetDependency */,
			);
			name = CryptoTests;
			productName = CryptoTests;
			productReference = 100A55B82B04AB5100FB74CE /* CryptoTests.xctest */;
			productType = "com.apple.product-type.bundle.unit-test";
		};
		100A55C12B04AB5100FB74CE /* CryptoUITests */ = {
			isa = PBXNativeTarget;
			buildConfigurationList = 100A55D22B04AB5100FB74CE /* Build configuration list for PBXNativeTarget "CryptoUITests" */;
			buildPhases = (
				100A55BE2B04AB5100FB74CE /* Sources */,
				100A55BF2B04AB5100FB74CE /* Frameworks */,
				100A55C02B04AB5100FB74CE /* Resources */,
			);
			buildRules = (
			);
			dependencies = (
				100A55C42B04AB5100FB74CE /* PBXTargetDependency */,
			);
			name = CryptoUITests;
			productName = CryptoUITests;
			productReference = 100A55C22B04AB5100FB74CE /* CryptoUITests.xctest */;
			productType = "com.apple.product-type.bundle.ui-testing";
		};
/* End PBXNativeTarget section */

/* Begin PBXProject section */
		100A559A2B04AB5000FB74CE /* Project object */ = {
			isa = PBXProject;
			attributes = {
				BuildIndependentTargetsInParallel = 1;
				LastSwiftUpdateCheck = 1500;
				LastUpgradeCheck = 1500;
				TargetAttributes = {
					100A55A12B04AB5000FB74CE = {
						CreatedOnToolsVersion = 15.0.1;
					};
					100A55B72B04AB5100FB74CE = {
						CreatedOnToolsVersion = 15.0.1;
						TestTargetID = 100A55A12B04AB5000FB74CE;
					};
					100A55C12B04AB5100FB74CE = {
						CreatedOnToolsVersion = 15.0.1;
						TestTargetID = 100A55A12B04AB5000FB74CE;
					};
				};
			};
			buildConfigurationList = 100A559D2B04AB5000FB74CE /* Build configuration list for PBXProject "Crypto" */;
			compatibilityVersion = "Xcode 14.0";
			developmentRegion = en;
			hasScannedForEncodings = 0;
			knownRegions = (
				en,
				Base,
			);
			mainGroup = 100A55992B04AB5000FB74CE;
			productRefGroup = 100A55A32B04AB5000FB74CE /* Products */;
			projectDirPath = "";
			projectRoot = "";
			targets = (
				100A55A12B04AB5000FB74CE /* Crypto */,
				100A55B72B04AB5100FB74CE /* CryptoTests */,
				100A55C12B04AB5100FB74CE /* CryptoUITests */,
			);
		};
/* End PBXProject section */

/* Begin PBXResourcesBuildPhase section */
		100A55A02B04AB5000FB74CE /* Resources */ = {
			isa = PBXResourcesBuildPhase;
			buildActionMask = 2147483647;
			files = (
				100A55B22B04AB5100FB74CE /* LaunchScreen.storyboard in Resources */,
				100A55AF2B04AB5100FB74CE /* Assets.xcassets in Resources */,
				100A55AD2B04AB5000FB74CE /* Main.storyboard in Resources */,
			);
			runOnlyForDeploymentPostprocessing = 0;
		};
		100A55B62B04AB5100FB74CE /* Resources */ = {
			isa = PBXResourcesBuildPhase;
			buildActionMask = 2147483647;
			files = (
			);
			runOnlyForDeploymentPostprocessing = 0;
		};
		100A55C02B04AB5100FB74CE /* Resources */ = {
			isa = PBXResourcesBuildPhase;
			buildActionMask = 2147483647;
			files = (
			);
			runOnlyForDeploymentPostprocessing = 0;
		};
/* End PBXResourcesBuildPhase section */

/* Begin PBXSourcesBuildPhase section */
		100A559E2B04AB5000FB74CE /* Sources */ = {
			isa = PBXSourcesBuildPhase;
			buildActionMask = 2147483647;
			files = (
				100A55D92B04AB6E00FB74CE /* APIEndpoints.swift in Sources */,
				100A55AA2B04AB5000FB74CE /* HomeScreen.swift in Sources */,
				100A55A62B04AB5000FB74CE /* AppDelegate.swift in Sources */,
				100A55D82B04AB6E00FB74CE /* APIService.swift in Sources */,
				100A55A82B04AB5000FB74CE /* SceneDelegate.swift in Sources */,
			);
			runOnlyForDeploymentPostprocessing = 0;
		};
		100A55B42B04AB5100FB74CE /* Sources */ = {
			isa = PBXSourcesBuildPhase;
			buildActionMask = 2147483647;
			files = (
				100A55BD2B04AB5100FB74CE /* CryptoTests.swift in Sources */,
			);
			runOnlyForDeploymentPostprocessing = 0;
		};
		100A55BE2B04AB5100FB74CE /* Sources */ = {
			isa = PBXSourcesBuildPhase;
			buildActionMask = 2147483647;
			files = (
				100A55C72B04AB5100FB74CE /* CryptoUITests.swift in Sources */,
				100A55C92B04AB5100FB74CE /* CryptoUITestsLaunchTests.swift in Sources */,
			);
			runOnlyForDeploymentPostprocessing = 0;
		};
/* End PBXSourcesBuildPhase section */

/* Begin PBXTargetDependency section */
		100A55BA2B04AB5100FB74CE /* PBXTargetDependency */ = {
			isa = PBXTargetDependency;
			target = 100A55A12B04AB5000FB74CE /* Crypto */;
			targetProxy = 100A55B92B04AB5100FB74CE /* PBXContainerItemProxy */;
		};
		100A55C42B04AB5100FB74CE /* PBXTargetDependency */ = {
			isa = PBXTargetDependency;
			target = 100A55A12B04AB5000FB74CE /* Crypto */;
			targetProxy = 100A55C32B04AB5100FB74CE /* PBXContainerItemProxy */;
		};
/* End PBXTargetDependency section */

/* Begin PBXVariantGroup section */
		100A55AB2B04AB5000FB74CE /* Main.storyboard */ = {
			isa = PBXVariantGroup;
			children = (
				100A55AC2B04AB5000FB74CE /* Base */,
			);
			name = Main.storyboard;
			sourceTree = "<group>";
		};
		100A55B02B04AB5100FB74CE /* LaunchScreen.storyboard */ = {
			isa = PBXVariantGroup;
			children = (
				100A55B12B04AB5100FB74CE /* Base */,
			);
			name = LaunchScreen.storyboard;
			sourceTree = "<group>";
		};
/* End PBXVariantGroup section */

/* Begin XCBuildConfiguration section */
		100A55CA2B04AB5100FB74CE /* Debug */ = {
			isa = XCBuildConfiguration;
			buildSettings = {
				ALWAYS_SEARCH_USER_PATHS = NO;
				ASSETCATALOG_COMPILER_GENERATE_SWIFT_ASSET_SYMBOL_EXTENSIONS = YES;
				CLANG_ANALYZER_NONNULL = YES;
				CLANG_ANALYZER_NUMBER_OBJECT_CONVERSION = YES_AGGRESSIVE;
				CLANG_CXX_LANGUAGE_STANDARD = "gnu++20";
				CLANG_ENABLE_MODULES = YES;
				CLANG_ENABLE_OBJC_ARC = YES;
				CLANG_ENABLE_OBJC_WEAK = YES;
				CLANG_WARN_BLOCK_CAPTURE_AUTORELEASING = YES;
				CLANG_WARN_BOOL_CONVERSION = YES;
				CLANG_WARN_COMMA = YES;
				CLANG_WARN_CONSTANT_CONVERSION = YES;
				CLANG_WARN_DEPRECATED_OBJC_IMPLEMENTATIONS = YES;
				CLANG_WARN_DIRECT_OBJC_ISA_USAGE = YES_ERROR;
				CLANG_WARN_DOCUMENTATION_COMMENTS = YES;
				CLANG_WARN_EMPTY_BODY = YES;
				CLANG_WARN_ENUM_CONVERSION = YES;
				CLANG_WARN_INFINITE_RECURSION = YES;
				CLANG_WARN_INT_CONVERSION = YES;
				CLANG_WARN_NON_LITERAL_NULL_CONVERSION = YES;
				CLANG_WARN_OBJC_IMPLICIT_RETAIN_SELF = YES;
				CLANG_WARN_OBJC_LITERAL_CONVERSION = YES;
				CLANG_WARN_OBJC_ROOT_CLASS = YES_ERROR;
				CLANG_WARN_QUOTED_INCLUDE_IN_FRAMEWORK_HEADER = YES;
				CLANG_WARN_RANGE_LOOP_ANALYSIS = YES;
				CLANG_WARN_STRICT_PROTOTYPES = YES;
				CLANG_WARN_SUSPICIOUS_MOVE = YES;
				CLANG_WARN_UNGUARDED_AVAILABILITY = YES_AGGRESSIVE;
				CLANG_WARN_UNREACHABLE_CODE = YES;
				CLANG_WARN__DUPLICATE_METHOD_MATCH = YES;
				COPY_PHASE_STRIP = NO;
				DEBUG_INFORMATION_FORMAT = dwarf;
				ENABLE_STRICT_OBJC_MSGSEND = YES;
				ENABLE_TESTABILITY = YES;
				ENABLE_USER_SCRIPT_SANDBOXING = YES;
				GCC_C_LANGUAGE_STANDARD = gnu17;
				GCC_DYNAMIC_NO_PIC = NO;
				GCC_NO_COMMON_BLOCKS = YES;
				GCC_OPTIMIZATION_LEVEL = 0;
				GCC_PREPROCESSOR_DEFINITIONS = (
					"DEBUG=1",
					"$(inherited)",
				);
				GCC_WARN_64_TO_32_BIT_CONVERSION = YES;
				GCC_WARN_ABOUT_RETURN_TYPE = YES_ERROR;
				GCC_WARN_UNDECLARED_SELECTOR = YES;
				GCC_WARN_UNINITIALIZED_AUTOS = YES_AGGRESSIVE;
				GCC_WARN_UNUSED_FUNCTION = YES;
				GCC_WARN_UNUSED_VARIABLE = YES;
				IPHONEOS_DEPLOYMENT_TARGET = 17.0;
				LOCALIZATION_PREFERS_STRING_CATALOGS = YES;
				MTL_ENABLE_DEBUG_INFO = INCLUDE_SOURCE;
				MTL_FAST_MATH = YES;
				ONLY_ACTIVE_ARCH = YES;
				SDKROOT = iphoneos;
				SWIFT_ACTIVE_COMPILATION_CONDITIONS = "DEBUG $(inherited)";
				SWIFT_OPTIMIZATION_LEVEL = "-Onone";
			};
			name = Debug;
		};
		100A55CB2B04AB5100FB74CE /* Release */ = {
			isa = XCBuildConfiguration;
			buildSettings = {
				ALWAYS_SEARCH_USER_PATHS = NO;
				ASSETCATALOG_COMPILER_GENERATE_SWIFT_ASSET_SYMBOL_EXTENSIONS = YES;
				CLANG_ANALYZER_NONNULL = YES;
				CLANG_ANALYZER_NUMBER_OBJECT_CONVERSION = YES_AGGRESSIVE;
				CLANG_CXX_LANGUAGE_STANDARD = "gnu++20";
				CLANG_ENABLE_MODULES = YES;
				CLANG_ENABLE_OBJC_ARC = YES;
				CLANG_ENABLE_OBJC_WEAK = YES;
				CLANG_WARN_BLOCK_CAPTURE_AUTORELEASING = YES;
				CLANG_WARN_BOOL_CONVERSION = YES;
				CLANG_WARN_COMMA = YES;
				CLANG_WARN_CONSTANT_CONVERSION = YES;
				CLANG_WARN_DEPRECATED_OBJC_IMPLEMENTATIONS = YES;
				CLANG_WARN_DIRECT_OBJC_ISA_USAGE = YES_ERROR;
				CLANG_WARN_DOCUMENTATION_COMMENTS = YES;
				CLANG_WARN_EMPTY_BODY = YES;
				CLANG_WARN_ENUM_CONVERSION = YES;
				CLANG_WARN_INFINITE_RECURSION = YES;
				CLANG_WARN_INT_CONVERSION = YES;
				CLANG_WARN_NON_LITERAL_NULL_CONVERSION = YES;
				CLANG_WARN_OBJC_IMPLICIT_RETAIN_SELF = YES;
				CLANG_WARN_OBJC_LITERAL_CONVERSION = YES;
				CLANG_WARN_OBJC_ROOT_CLASS = YES_ERROR;
				CLANG_WARN_QUOTED_INCLUDE_IN_FRAMEWORK_HEADER = YES;
				CLANG_WARN_RANGE_LOOP_ANALYSIS = YES;
				CLANG_WARN_STRICT_PROTOTYPES = YES;
				CLANG_WARN_SUSPICIOUS_MOVE = YES;
				CLANG_WARN_UNGUARDED_AVAILABILITY = YES_AGGRESSIVE;
				CLANG_WARN_UNREACHABLE_CODE = YES;
				CLANG_WARN__DUPLICATE_METHOD_MATCH = YES;
				COPY_PHASE_STRIP = NO;
				DEBUG_INFORMATION_FORMAT = "dwarf-with-dsym";
				ENABLE_NS_ASSERTIONS = NO;
				ENABLE_STRICT_OBJC_MSGSEND = YES;
				ENABLE_USER_SCRIPT_SANDBOXING = YES;
				GCC_C_LANGUAGE_STANDARD = gnu17;
				GCC_NO_COMMON_BLOCKS = YES;
				GCC_WARN_64_TO_32_BIT_CONVERSION = YES;
				GCC_WARN_ABOUT_RETURN_TYPE = YES_ERROR;
				GCC_WARN_UNDECLARED_SELECTOR = YES;
				GCC_WARN_UNINITIALIZED_AUTOS = YES_AGGRESSIVE;
				GCC_WARN_UNUSED_FUNCTION = YES;
				GCC_WARN_UNUSED_VARIABLE = YES;
				IPHONEOS_DEPLOYMENT_TARGET = 17.0;
				LOCALIZATION_PREFERS_STRING_CATALOGS = YES;
				MTL_ENABLE_DEBUG_INFO = NO;
				MTL_FAST_MATH = YES;
				SDKROOT = iphoneos;
				SWIFT_COMPILATION_MODE = wholemodule;
				VALIDATE_PRODUCT = YES;
			};
			name = Release;
		};
		100A55CD2B04AB5100FB74CE /* Debug */ = {
			isa = XCBuildConfiguration;
			buildSettings = {
				ASSETCATALOG_COMPILER_APPICON_NAME = AppIcon;
				ASSETCATALOG_COMPILER_GLOBAL_ACCENT_COLOR_NAME = AccentColor;
				CODE_SIGN_STYLE = Automatic;
				CURRENT_PROJECT_VERSION = 1;
				DEVELOPMENT_TEAM = 48P68MQAH7;
				GENERATE_INFOPLIST_FILE = YES;
				INFOPLIST_FILE = Crypto/Info.plist;
				INFOPLIST_KEY_UIApplicationSupportsIndirectInputEvents = YES;
				INFOPLIST_KEY_UILaunchStoryboardName = LaunchScreen;
				INFOPLIST_KEY_UIMainStoryboardFile = Main;
				INFOPLIST_KEY_UISupportedInterfaceOrientations_iPad = "UIInterfaceOrientationPortrait UIInterfaceOrientationPortraitUpsideDown UIInterfaceOrientationLandscapeLeft UIInterfaceOrientationLandscapeRight";
				INFOPLIST_KEY_UISupportedInterfaceOrientations_iPhone = "UIInterfaceOrientationPortrait UIInterfaceOrientationLandscapeLeft UIInterfaceOrientationLandscapeRight";
				LD_RUNPATH_SEARCH_PATHS = (
					"$(inherited)",
					"@executable_path/Frameworks",
				);
				MARKETING_VERSION = 1.0;
				PRODUCT_BUNDLE_IDENTIFIER = com.Crypto;
				PRODUCT_NAME = "$(TARGET_NAME)";
				SWIFT_EMIT_LOC_STRINGS = YES;
				SWIFT_VERSION = 5.0;
				TARGETED_DEVICE_FAMILY = "1,2";
			};
			name = Debug;
		};
		100A55CE2B04AB5100FB74CE /* Release */ = {
			isa = XCBuildConfiguration;
			buildSettings = {
				ASSETCATALOG_COMPILER_APPICON_NAME = AppIcon;
				ASSETCATALOG_COMPILER_GLOBAL_ACCENT_COLOR_NAME = AccentColor;
				CODE_SIGN_STYLE = Automatic;
				CURRENT_PROJECT_VERSION = 1;
				DEVELOPMENT_TEAM = 48P68MQAH7;
				GENERATE_INFOPLIST_FILE = YES;
				INFOPLIST_FILE = Crypto/Info.plist;
				INFOPLIST_KEY_UIApplicationSupportsIndirectInputEvents = YES;
				INFOPLIST_KEY_UILaunchStoryboardName = LaunchScreen;
				INFOPLIST_KEY_UIMainStoryboardFile = Main;
				INFOPLIST_KEY_UISupportedInterfaceOrientations_iPad = "UIInterfaceOrientationPortrait UIInterfaceOrientationPortraitUpsideDown UIInterfaceOrientationLandscapeLeft UIInterfaceOrientationLandscapeRight";
				INFOPLIST_KEY_UISupportedInterfaceOrientations_iPhone = "UIInterfaceOrientationPortrait UIInterfaceOrientationLandscapeLeft UIInterfaceOrientationLandscapeRight";
				LD_RUNPATH_SEARCH_PATHS = (
					"$(inherited)",
					"@executable_path/Frameworks",
				);
				MARKETING_VERSION = 1.0;
				PRODUCT_BUNDLE_IDENTIFIER = com.Crypto;
				PRODUCT_NAME = "$(TARGET_NAME)";
				SWIFT_EMIT_LOC_STRINGS = YES;
				SWIFT_VERSION = 5.0;
				TARGETED_DEVICE_FAMILY = "1,2";
			};
			name = Release;
		};
		100A55D02B04AB5100FB74CE /* Debug */ = {
			isa = XCBuildConfiguration;
			buildSettings = {
				ALWAYS_EMBED_SWIFT_STANDARD_LIBRARIES = YES;
				BUNDLE_LOADER = "$(TEST_HOST)";
				CODE_SIGN_STYLE = Automatic;
				CURRENT_PROJECT_VERSION = 1;
				DEVELOPMENT_TEAM = 48P68MQAH7;
				GENERATE_INFOPLIST_FILE = YES;
				IPHONEOS_DEPLOYMENT_TARGET = 17.0;
				MARKETING_VERSION = 1.0;
				PRODUCT_BUNDLE_IDENTIFIER = com.CryptoTests;
				PRODUCT_NAME = "$(TARGET_NAME)";
				SWIFT_EMIT_LOC_STRINGS = NO;
				SWIFT_VERSION = 5.0;
				TARGETED_DEVICE_FAMILY = "1,2";
				TEST_HOST = "$(BUILT_PRODUCTS_DIR)/Crypto.app/$(BUNDLE_EXECUTABLE_FOLDER_PATH)/Crypto";
			};
			name = Debug;
		};
		100A55D12B04AB5100FB74CE /* Release */ = {
			isa = XCBuildConfiguration;
			buildSettings = {
				ALWAYS_EMBED_SWIFT_STANDARD_LIBRARIES = YES;
				BUNDLE_LOADER = "$(TEST_HOST)";
				CODE_SIGN_STYLE = Automatic;
				CURRENT_PROJECT_VERSION = 1;
				DEVELOPMENT_TEAM = 48P68MQAH7;
				GENERATE_INFOPLIST_FILE = YES;
				IPHONEOS_DEPLOYMENT_TARGET = 17.0;
				MARKETING_VERSION = 1.0;
				PRODUCT_BUNDLE_IDENTIFIER = com.CryptoTests;
				PRODUCT_NAME = "$(TARGET_NAME)";
				SWIFT_EMIT_LOC_STRINGS = NO;
				SWIFT_VERSION = 5.0;
				TARGETED_DEVICE_FAMILY = "1,2";
				TEST_HOST = "$(BUILT_PRODUCTS_DIR)/Crypto.app/$(BUNDLE_EXECUTABLE_FOLDER_PATH)/Crypto";
			};
			name = Release;
		};
		100A55D32B04AB5100FB74CE /* Debug */ = {
			isa = XCBuildConfiguration;
			buildSettings = {
				ALWAYS_EMBED_SWIFT_STANDARD_LIBRARIES = YES;
				CODE_SIGN_STYLE = Automatic;
				CURRENT_PROJECT_VERSION = 1;
				DEVELOPMENT_TEAM = 48P68MQAH7;
				GENERATE_INFOPLIST_FILE = YES;
				MARKETING_VERSION = 1.0;
				PRODUCT_BUNDLE_IDENTIFIER = com.CryptoUITests;
				PRODUCT_NAME = "$(TARGET_NAME)";
				SWIFT_EMIT_LOC_STRINGS = NO;
				SWIFT_VERSION = 5.0;
				TARGETED_DEVICE_FAMILY = "1,2";
				TEST_TARGET_NAME = Crypto;
			};
			name = Debug;
		};
		100A55D42B04AB5100FB74CE /* Release */ = {
			isa = XCBuildConfiguration;
			buildSettings = {
				ALWAYS_EMBED_SWIFT_STANDARD_LIBRARIES = YES;
				CODE_SIGN_STYLE = Automatic;
				CURRENT_PROJECT_VERSION = 1;
				DEVELOPMENT_TEAM = 48P68MQAH7;
				GENERATE_INFOPLIST_FILE = YES;
				MARKETING_VERSION = 1.0;
				PRODUCT_BUNDLE_IDENTIFIER = com.CryptoUITests;
				PRODUCT_NAME = "$(TARGET_NAME)";
				SWIFT_EMIT_LOC_STRINGS = NO;
				SWIFT_VERSION = 5.0;
				TARGETED_DEVICE_FAMILY = "1,2";
				TEST_TARGET_NAME = Crypto;
			};
			name = Release;
		};
/* End XCBuildConfiguration section */

/* Begin XCConfigurationList section */
		100A559D2B04AB5000FB74CE /* Build configuration list for PBXProject "Crypto" */ = {
			isa = XCConfigurationList;
			buildConfigurations = (
				100A55CA2B04AB5100FB74CE /* Debug */,
				100A55CB2B04AB5100FB74CE /* Release */,
			);
			defaultConfigurationIsVisible = 0;
			defaultConfigurationName = Release;
		};
		100A55CC2B04AB5100FB74CE /* Build configuration list for PBXNativeTarget "Crypto" */ = {
			isa = XCConfigurationList;
			buildConfigurations = (
				100A55CD2B04AB5100FB74CE /* Debug */,
				100A55CE2B04AB5100FB74CE /* Release */,
			);
			defaultConfigurationIsVisible = 0;
			defaultConfigurationName = Release;
		};
		100A55CF2B04AB5100FB74CE /* Build configuration list for PBXNativeTarget "CryptoTests" */ = {
			isa = XCConfigurationList;
			buildConfigurations = (
				100A55D02B04AB5100FB74CE /* Debug */,
				100A55D12B04AB5100FB74CE /* Release */,
			);
			defaultConfigurationIsVisible = 0;
			defaultConfigurationName = Release;
		};
		100A55D22B04AB5100FB74CE /* Build configuration list for PBXNativeTarget "CryptoUITests" */ = {
			isa = XCConfigurationList;
			buildConfigurations = (
				100A55D32B04AB5100FB74CE /* Debug */,
				100A55D42B04AB5100FB74CE /* Release */,
			);
			defaultConfigurationIsVisible = 0;
			defaultConfigurationName = Release;
		};
/* End XCConfigurationList section */
	};
	rootObject = 100A559A2B04AB5000FB74CE /* Project object */;
}
